{
    "_readme": [
        "This file locks the dependencies of your project to a known state",
        "Read more about it at https://getcomposer.org/doc/01-basic-usage.md#installing-dependencies",
        "This file is @generated automatically"
    ],
    "content-hash": "3ae2690cd84d36e1e36519b4c99dea7a",
    "packages": [
        {
            "name": "tncrazvan/jphp",
            "version": "v1.0.0",
            "source": {
                "type": "git",
                "url": "https://github.com/tncrazvan/jphp.git",
                "reference": "d66c564a5ffe3dfaecc5fa055438fbe6dc48561e"
            },
            "dist": {
                "type": "zip",
                "url": "https://api.github.com/repos/tncrazvan/jphp/zipball/d66c564a5ffe3dfaecc5fa055438fbe6dc48561e",
                "reference": "d66c564a5ffe3dfaecc5fa055438fbe6dc48561e",
                "shasum": ""
            },
            "type": "library",
            "autoload": {
                "psr-4": {
                    "": [
                        "."
                    ]
                }
            },
            "notification-url": "https://packagist.org/downloads/",
            "license": [
                "MIT"
            ],
            "authors": [
                {
                    "name": "Razvan",
                    "email": "tangent.jotey@gmail.com"
                }
            ],
            "description": "A simple library that manages reading STDIN from Java Arcano and serving the outputs",
            "time": "2020-02-24T22:51:58+00:00"
        }
    ],
    "packages-dev": [],
    "aliases": [],
    "minimum-stability": "stable",
    "stability-flags": [],
    "prefer-stable": false,
    "prefer-lowest": false,
    "platform": [],
    "platform-dev": []
}
